
Microsoft Visual Studio Solution File, Format Version 12.00
# Visual Studio 15
VisualStudioVersion = 15.0.27906.1
MinimumVisualStudioVersion = 10.0.40219.1
Project("{FAE04EC0-301F-11D3-BF4B-00C04F79EFBC}") = "iotaTest", "iotaTest\iotaTest.csproj", "{FE7A9C3F-093D-4154-9255-83C7AFEC39CC}"
EndProject
Global
	GlobalSection(SolutionConfigurationPlatforms) = preSolution
		Debug|Any CPU = Debug|Any CPU
		Release|Any CPU = Release|Any CPU
	EndGlobalSection
	GlobalSection(ProjectConfigurationPlatforms) = postSolution
		{FE7A9C3F-093D-4154-9255-83C7AFEC39CC}.Debug|Any CPU.ActiveCfg = Debug|Any CPU
		{FE7A9C3F-093D-4154-9255-83C7AFEC39CC}.Debug|Any CPU.Build.0 = Debug|Any CPU
		{FE7A9C3F-093D-4154-9255-83C7AFEC39CC}.Release|Any CPU.ActiveCfg = Release|Any CPU
		{FE7A9C3F-093D-4154-9255-83C7AFEC39CC}.Release|Any CPU.Build.0 = Release|Any CPU
	EndGlobalSection
	GlobalSection(SolutionProperties) = preSolution
		HideSolutionNode = FALSE
	EndGlobalSection
	GlobalSection(ExtensibilityGlobals) = postSolution
		SolutionGuid = {29CA280C-567D-41B8-A1F7-B0DF85BB1601}
	EndGlobalSection
EndGlobal
